
Microsoft Visual Studio Solution File, Format Version 12.00
# Visual Studio Version 17
VisualStudioVersion = 17.6.33723.286
MinimumVisualStudioVersion = 10.0.40219.1
Project("{FAE04EC0-301F-11D3-BF4B-00C04F79EFBC}") = "Server", "Server\Server.csproj", "{EC021DF8-8B69-4BB9-A70C-6C3A0402838B}"
EndProject
Project("{FAE04EC0-301F-11D3-BF4B-00C04F79EFBC}") = "Client", "Client\Client.csproj", "{84319B26-CF7D-4C27-AA02-86886B7688C5}"
EndProject
Global
	GlobalSection(SolutionConfigurationPlatforms) = preSolution
		Debug|Any CPU = Debug|Any CPU
		Release|Any CPU = Release|Any CPU
	EndGlobalSection
	GlobalSection(ProjectConfigurationPlatforms) = postSolution
		{EC021DF8-8B69-4BB9-A70C-6C3A0402838B}.Debug|Any CPU.ActiveCfg = Debug|Any CPU
		{EC021DF8-8B69-4BB9-A70C-6C3A0402838B}.Debug|Any CPU.Build.0 = Debug|Any CPU
		{EC021DF8-8B69-4BB9-A70C-6C3A0402838B}.Release|Any CPU.ActiveCfg = Release|Any CPU
		{EC021DF8-8B69-4BB9-A70C-6C3A0402838B}.Release|Any CPU.Build.0 = Release|Any CPU
		{84319B26-CF7D-4C27-AA02-86886B7688C5}.Debug|Any CPU.ActiveCfg = Debug|Any CPU
		{84319B26-CF7D-4C27-AA02-86886B7688C5}.Debug|Any CPU.Build.0 = Debug|Any CPU
		{84319B26-CF7D-4C27-AA02-86886B7688C5}.Release|Any CPU.ActiveCfg = Release|Any CPU
		{84319B26-CF7D-4C27-AA02-86886B7688C5}.Release|Any CPU.Build.0 = Release|Any CPU
	EndGlobalSection
	GlobalSection(SolutionProperties) = preSolution
		HideSolutionNode = FALSE
	EndGlobalSection
	GlobalSection(ExtensibilityGlobals) = postSolution
		SolutionGuid = {16B89DEC-43B7-44C4-8864-141AED46A627}
	EndGlobalSection
EndGlobal
